
Microsoft Visual Studio Solution File, Format Version 12.00
# Visual Studio 15
VisualStudioVersion = 15.0.28307.757
MinimumVisualStudioVersion = 10.0.40219.1
Project("{9A19103F-16F7-4668-BE54-9A1E7A4F7556}") = "LaantiDuniya", "LaantiDuniya\LaantiDuniya.csproj", "{6938FC9A-7BD0-43F7-8F74-BC7530F7EF55}"
EndProject
Project("{FAE04EC0-301F-11D3-BF4B-00C04F79EFBC}") = "LaantiDuniya.Data", "LaantiDuniya.Data\LaantiDuniya.Data.csproj", "{C6508020-A93D-4082-AC7B-BE0B7D9B6539}"
EndProject
Project("{00D1A9C2-B5F0-4AF3-8072-F6C62B433612}") = "LaantiDuniya.Database", "LaantiDuniya.Database\LaantiDuniya.Database.sqlproj", "{E472C9FC-CA12-4C09-9820-F19D9B68E9FA}"
EndProject
Project("{FAE04EC0-301F-11D3-BF4B-00C04F79EFBC}") = "LaantiDuniya.Business", "LaantiDuniya.Business\LaantiDuniya.Business.csproj", "{36FC458C-C551-4551-93DA-C63C69ABEFA0}"
EndProject
Global
	GlobalSection(SolutionConfigurationPlatforms) = preSolution
		Debug|Any CPU = Debug|Any CPU
		Release|Any CPU = Release|Any CPU
	EndGlobalSection
	GlobalSection(ProjectConfigurationPlatforms) = postSolution
		{6938FC9A-7BD0-43F7-8F74-BC7530F7EF55}.Debug|Any CPU.ActiveCfg = Debug|Any CPU
		{6938FC9A-7BD0-43F7-8F74-BC7530F7EF55}.Debug|Any CPU.Build.0 = Debug|Any CPU
		{6938FC9A-7BD0-43F7-8F74-BC7530F7EF55}.Release|Any CPU.ActiveCfg = Release|Any CPU
		{6938FC9A-7BD0-43F7-8F74-BC7530F7EF55}.Release|Any CPU.Build.0 = Release|Any CPU
		{C6508020-A93D-4082-AC7B-BE0B7D9B6539}.Debug|Any CPU.ActiveCfg = Debug|Any CPU
		{C6508020-A93D-4082-AC7B-BE0B7D9B6539}.Debug|Any CPU.Build.0 = Debug|Any CPU
		{C6508020-A93D-4082-AC7B-BE0B7D9B6539}.Release|Any CPU.ActiveCfg = Release|Any CPU
		{C6508020-A93D-4082-AC7B-BE0B7D9B6539}.Release|Any CPU.Build.0 = Release|Any CPU
		{E472C9FC-CA12-4C09-9820-F19D9B68E9FA}.Debug|Any CPU.ActiveCfg = Debug|Any CPU
		{E472C9FC-CA12-4C09-9820-F19D9B68E9FA}.Debug|Any CPU.Build.0 = Debug|Any CPU
		{E472C9FC-CA12-4C09-9820-F19D9B68E9FA}.Debug|Any CPU.Deploy.0 = Debug|Any CPU
		{E472C9FC-CA12-4C09-9820-F19D9B68E9FA}.Release|Any CPU.ActiveCfg = Release|Any CPU
		{E472C9FC-CA12-4C09-9820-F19D9B68E9FA}.Release|Any CPU.Build.0 = Release|Any CPU
		{E472C9FC-CA12-4C09-9820-F19D9B68E9FA}.Release|Any CPU.Deploy.0 = Release|Any CPU
		{36FC458C-C551-4551-93DA-C63C69ABEFA0}.Debug|Any CPU.ActiveCfg = Debug|Any CPU
		{36FC458C-C551-4551-93DA-C63C69ABEFA0}.Debug|Any CPU.Build.0 = Debug|Any CPU
		{36FC458C-C551-4551-93DA-C63C69ABEFA0}.Release|Any CPU.ActiveCfg = Release|Any CPU
		{36FC458C-C551-4551-93DA-C63C69ABEFA0}.Release|Any CPU.Build.0 = Release|Any CPU
	EndGlobalSection
	GlobalSection(SolutionProperties) = preSolution
		HideSolutionNode = FALSE
	EndGlobalSection
	GlobalSection(ExtensibilityGlobals) = postSolution
		SolutionGuid = {05C52886-1562-4611-B802-76D4976893D3}
	EndGlobalSection
EndGlobal
